
Microsoft Visual Studio Solution File, Format Version 11.00
# Visual Studio 2010
Project("{FAE04EC0-301F-11D3-BF4B-00C04F79EFBC}") = "IDAL", "IDAL\IDAL.csproj", "{D1050179-E4D5-4DF8-AFC4-305A93F90EE6}"
EndProject
Project("{FAE04EC0-301F-11D3-BF4B-00C04F79EFBC}") = "DAL", "DAL\DAL.csproj", "{81A65767-666A-4C51-A374-EE9AC1A1E4C3}"
EndProject
Project("{FAE04EC0-301F-11D3-BF4B-00C04F79EFBC}") = "BLL", "BLL\BLL.csproj", "{9FD4644B-034E-4D19-BF9E-E77FDFD4A080}"
EndProject
Project("{E24C65DC-7377-472B-9ABA-BC803B73C61A}") = "WEB", "WEB", "{61ADBB5F-2F02-4E98-A926-2451F5F75638}"
	ProjectSection(WebsiteProperties) = preProject
		SccProjectName = ""
		SccAuxPath = ""
		SccLocalPath = ""
		SccProvider = ""
		TargetFrameworkMoniker = ".NETFramework,Version%3Dv4.0"
		ProjectReferences = "{9FD4644B-034E-4D19-BF9E-E77FDFD4A080}|BLL.dll;{F6166241-9344-49CC-8787-36FA08000B34}|CommonLibrary.dll;{81A65767-666A-4C51-A374-EE9AC1A1E4C3}|DAL.dll;{D1050179-E4D5-4DF8-AFC4-305A93F90EE6}|IDAL.dll;{9D0253F0-B0A7-4D66-BE57-7C32C4953340}|Model.dll;{86A9D97C-AB59-4C06-93B5-7724675CD97A}|ExcelOplib.dll;"
		Debug.AspNetCompiler.VirtualPath = "/WEB"
		Debug.AspNetCompiler.PhysicalPath = "WEB\"
		Debug.AspNetCompiler.TargetPath = "PrecompiledWeb\WEB\"
		Debug.AspNetCompiler.Updateable = "true"
		Debug.AspNetCompiler.ForceOverwrite = "true"
		Debug.AspNetCompiler.FixedNames = "false"
		Debug.AspNetCompiler.Debug = "True"
		Release.AspNetCompiler.VirtualPath = "/WEB"
		Release.AspNetCompiler.PhysicalPath = "WEB\"
		Release.AspNetCompiler.TargetPath = "PrecompiledWeb\WEB\"
		Release.AspNetCompiler.Updateable = "true"
		Release.AspNetCompiler.ForceOverwrite = "true"
		Release.AspNetCompiler.FixedNames = "false"
		Release.AspNetCompiler.Debug = "False"
		DefaultWebSiteLanguage = "Visual C#"
	EndProjectSection
EndProject
Project("{FAE04EC0-301F-11D3-BF4B-00C04F79EFBC}") = "CommonLibrary", "CommonLibrary\CommonLibrary.csproj", "{F6166241-9344-49CC-8787-36FA08000B34}"
EndProject
Project("{FAE04EC0-301F-11D3-BF4B-00C04F79EFBC}") = "TourTest", "TourTest\TourTest.csproj", "{3D220CD2-FAF8-4EE7-9613-850F31EAC6DC}"
EndProject
Project("{2150E333-8FDC-42A3-9474-1A3956D46DE8}") = "lib", "lib", "{3A2FC873-64DA-4096-91A0-4123A08B2DF4}"
	ProjectSection(SolutionItems) = preProject
		lib\Antlr3.Runtime.dll = lib\Antlr3.Runtime.dll
		lib\AspNetPager.dll = lib\AspNetPager.dll
		lib\AspNetPager.xml = lib\AspNetPager.xml
		lib\Castle.Core.dll = lib\Castle.Core.dll
		lib\Castle.Core.xml = lib\Castle.Core.xml
		lib\FluentNHibernate.dll = lib\FluentNHibernate.dll
		lib\FluentNHibernate.pdb = lib\FluentNHibernate.pdb
		lib\FluentNHibernate.XML = lib\FluentNHibernate.XML
		lib\HibernatingRhinos.Profiler.Appender.v4.0.dll = lib\HibernatingRhinos.Profiler.Appender.v4.0.dll
		lib\Iesi.Collections.dll = lib\Iesi.Collections.dll
		lib\Iesi.Collections.pdb = lib\Iesi.Collections.pdb
		lib\Iesi.Collections.xml = lib\Iesi.Collections.xml
		lib\Intelligencia.UrlRewriter.dll = lib\Intelligencia.UrlRewriter.dll
		..\dev\sethyates-urlrewriter-fef0f97\sethyates-urlrewriter-fef0f97\src\bin\Debug\Intelligencia.UrlRewriter.pdb = ..\dev\sethyates-urlrewriter-fef0f97\sethyates-urlrewriter-fef0f97\src\bin\Debug\Intelligencia.UrlRewriter.pdb
		lib\log4net.dll = lib\log4net.dll
		lib\log4net.xml = lib\log4net.xml
		lib\NHibernate.ByteCode.Castle.dll = lib\NHibernate.ByteCode.Castle.dll
		lib\NHibernate.ByteCode.Castle.pdb = lib\NHibernate.ByteCode.Castle.pdb
		lib\NHibernate.ByteCode.Castle.xml = lib\NHibernate.ByteCode.Castle.xml
		lib\NHibernate.dll = lib\NHibernate.dll
		lib\NHibernate.pdb = lib\NHibernate.pdb
		lib\NHibernate.xml = lib\NHibernate.xml
		lib\nunit.framework.dll = lib\nunit.framework.dll
		lib\nunit.mocks.dll = lib\nunit.mocks.dll
		lib\QConnectSDK.dll = lib\QConnectSDK.dll
		lib\QWeiboSDK.dll = lib\QWeiboSDK.dll
		lib\Remotion.Data.Linq.dll = lib\Remotion.Data.Linq.dll
		lib\RestSharp.dll = lib\RestSharp.dll
		lib\Rhino.Mocks.dll = lib\Rhino.Mocks.dll
	EndProjectSection
EndProject
Project("{FAE04EC0-301F-11D3-BF4B-00C04F79EFBC}") = "MODEL", "MODEL\MODEL.csproj", "{9D0253F0-B0A7-4D66-BE57-7C32C4953340}"
EndProject
Project("{FAE04EC0-301F-11D3-BF4B-00C04F79EFBC}") = "IDCardActiveX", "IDCardActiveX\IDCardActiveX.csproj", "{FAFA4775-E3BE-4925-ADE8-9F64A0B2EAC1}"
EndProject
Project("{FAE04EC0-301F-11D3-BF4B-00C04F79EFBC}") = "ExcelOplib", "ExcelOplib\ExcelOplib.csproj", "{86A9D97C-AB59-4C06-93B5-7724675CD97A}"
EndProject
Global
	GlobalSection(SolutionConfigurationPlatforms) = preSolution
		Debug|Any CPU = Debug|Any CPU
		Release|Any CPU = Release|Any CPU
	EndGlobalSection
	GlobalSection(ProjectConfigurationPlatforms) = postSolution
		{D1050179-E4D5-4DF8-AFC4-305A93F90EE6}.Debug|Any CPU.ActiveCfg = Debug|Any CPU
		{D1050179-E4D5-4DF8-AFC4-305A93F90EE6}.Debug|Any CPU.Build.0 = Debug|Any CPU
		{D1050179-E4D5-4DF8-AFC4-305A93F90EE6}.Release|Any CPU.ActiveCfg = Release|Any CPU
		{D1050179-E4D5-4DF8-AFC4-305A93F90EE6}.Release|Any CPU.Build.0 = Release|Any CPU
		{81A65767-666A-4C51-A374-EE9AC1A1E4C3}.Debug|Any CPU.ActiveCfg = Debug|Any CPU
		{81A65767-666A-4C51-A374-EE9AC1A1E4C3}.Debug|Any CPU.Build.0 = Debug|Any CPU
		{81A65767-666A-4C51-A374-EE9AC1A1E4C3}.Release|Any CPU.ActiveCfg = Release|Any CPU
		{81A65767-666A-4C51-A374-EE9AC1A1E4C3}.Release|Any CPU.Build.0 = Release|Any CPU
		{9FD4644B-034E-4D19-BF9E-E77FDFD4A080}.Debug|Any CPU.ActiveCfg = Debug|Any CPU
		{9FD4644B-034E-4D19-BF9E-E77FDFD4A080}.Debug|Any CPU.Build.0 = Debug|Any CPU
		{9FD4644B-034E-4D19-BF9E-E77FDFD4A080}.Release|Any CPU.ActiveCfg = Release|Any CPU
		{9FD4644B-034E-4D19-BF9E-E77FDFD4A080}.Release|Any CPU.Build.0 = Release|Any CPU
		{61ADBB5F-2F02-4E98-A926-2451F5F75638}.Debug|Any CPU.ActiveCfg = Debug|Any CPU
		{61ADBB5F-2F02-4E98-A926-2451F5F75638}.Debug|Any CPU.Build.0 = Debug|Any CPU
		{61ADBB5F-2F02-4E98-A926-2451F5F75638}.Release|Any CPU.ActiveCfg = Debug|Any CPU
		{61ADBB5F-2F02-4E98-A926-2451F5F75638}.Release|Any CPU.Build.0 = Debug|Any CPU
		{F6166241-9344-49CC-8787-36FA08000B34}.Debug|Any CPU.ActiveCfg = Debug|Any CPU
		{F6166241-9344-49CC-8787-36FA08000B34}.Debug|Any CPU.Build.0 = Debug|Any CPU
		{F6166241-9344-49CC-8787-36FA08000B34}.Release|Any CPU.ActiveCfg = Release|Any CPU
		{F6166241-9344-49CC-8787-36FA08000B34}.Release|Any CPU.Build.0 = Release|Any CPU
		{3D220CD2-FAF8-4EE7-9613-850F31EAC6DC}.Debug|Any CPU.ActiveCfg = Debug|Any CPU
		{3D220CD2-FAF8-4EE7-9613-850F31EAC6DC}.Debug|Any CPU.Build.0 = Debug|Any CPU
		{3D220CD2-FAF8-4EE7-9613-850F31EAC6DC}.Release|Any CPU.ActiveCfg = Release|Any CPU
		{3D220CD2-FAF8-4EE7-9613-850F31EAC6DC}.Release|Any CPU.Build.0 = Release|Any CPU
		{9D0253F0-B0A7-4D66-BE57-7C32C4953340}.Debug|Any CPU.ActiveCfg = Debug|Any CPU
		{9D0253F0-B0A7-4D66-BE57-7C32C4953340}.Debug|Any CPU.Build.0 = Debug|Any CPU
		{9D0253F0-B0A7-4D66-BE57-7C32C4953340}.Release|Any CPU.ActiveCfg = Release|Any CPU
		{9D0253F0-B0A7-4D66-BE57-7C32C4953340}.Release|Any CPU.Build.0 = Release|Any CPU
		{FAFA4775-E3BE-4925-ADE8-9F64A0B2EAC1}.Debug|Any CPU.ActiveCfg = Debug|Any CPU
		{FAFA4775-E3BE-4925-ADE8-9F64A0B2EAC1}.Debug|Any CPU.Build.0 = Debug|Any CPU
		{FAFA4775-E3BE-4925-ADE8-9F64A0B2EAC1}.Release|Any CPU.ActiveCfg = Release|Any CPU
		{FAFA4775-E3BE-4925-ADE8-9F64A0B2EAC1}.Release|Any CPU.Build.0 = Release|Any CPU
		{86A9D97C-AB59-4C06-93B5-7724675CD97A}.Debug|Any CPU.ActiveCfg = Debug|Any CPU
		{86A9D97C-AB59-4C06-93B5-7724675CD97A}.Debug|Any CPU.Build.0 = Debug|Any CPU
		{86A9D97C-AB59-4C06-93B5-7724675CD97A}.Release|Any CPU.ActiveCfg = Release|Any CPU
		{86A9D97C-AB59-4C06-93B5-7724675CD97A}.Release|Any CPU.Build.0 = Release|Any CPU
	EndGlobalSection
	GlobalSection(SolutionProperties) = preSolution
		HideSolutionNode = FALSE
	EndGlobalSection
EndGlobal
