
Microsoft Visual Studio Solution File, Format Version 11.00
# Visual Studio 2010
Project("{54435603-DBB4-11D2-8724-00A0C9A8B90C}") = "IDCardSetup", "IDCardSetup.vdproj", "{CC0B78DC-0E50-4A45-98FF-396C5E39EA30}"
EndProject
Project("{FAE04EC0-301F-11D3-BF4B-00C04F79EFBC}") = "IDCardActiveX", "..\IDCardActiveX\IDCardActiveX.csproj", "{FAFA4775-E3BE-4925-ADE8-9F64A0B2EAC1}"
EndProject
Global
	GlobalSection(SolutionConfigurationPlatforms) = preSolution
		Debug|Any CPU = Debug|Any CPU
		Release|Any CPU = Release|Any CPU
		tr|Any CPU = tr|Any CPU
	EndGlobalSection
	GlobalSection(ProjectConfigurationPlatforms) = postSolution
		{CC0B78DC-0E50-4A45-98FF-396C5E39EA30}.Debug|Any CPU.ActiveCfg = Debug
		{CC0B78DC-0E50-4A45-98FF-396C5E39EA30}.Debug|Any CPU.Build.0 = Debug
		{CC0B78DC-0E50-4A45-98FF-396C5E39EA30}.Release|Any CPU.ActiveCfg = Release
		{CC0B78DC-0E50-4A45-98FF-396C5E39EA30}.Release|Any CPU.Build.0 = Release
		{CC0B78DC-0E50-4A45-98FF-396C5E39EA30}.tr|Any CPU.ActiveCfg = Release
		{CC0B78DC-0E50-4A45-98FF-396C5E39EA30}.tr|Any CPU.Build.0 = Release
		{FAFA4775-E3BE-4925-ADE8-9F64A0B2EAC1}.Debug|Any CPU.ActiveCfg = Debug|Any CPU
		{FAFA4775-E3BE-4925-ADE8-9F64A0B2EAC1}.Debug|Any CPU.Build.0 = Debug|Any CPU
		{FAFA4775-E3BE-4925-ADE8-9F64A0B2EAC1}.Release|Any CPU.ActiveCfg = Release|Any CPU
		{FAFA4775-E3BE-4925-ADE8-9F64A0B2EAC1}.Release|Any CPU.Build.0 = Release|Any CPU
		{FAFA4775-E3BE-4925-ADE8-9F64A0B2EAC1}.tr|Any CPU.ActiveCfg = tr|Any CPU
		{FAFA4775-E3BE-4925-ADE8-9F64A0B2EAC1}.tr|Any CPU.Build.0 = tr|Any CPU
	EndGlobalSection
	GlobalSection(SolutionProperties) = preSolution
		HideSolutionNode = FALSE
	EndGlobalSection
EndGlobal
